
Microsoft Visual Studio Solution File, Format Version 12.00
# Visual Studio 15
Project("{FAE04EC0-301F-11D3-BF4B-00C04F79EFBC}") = "Assembly-CSharp", "Assembly-CSharp.csproj", "{FABEBCBC-15B8-A26A-1C5A-DD2EA7B764C1}"
EndProject
Project("{FAE04EC0-301F-11D3-BF4B-00C04F79EFBC}") = "Assembly-CSharp-Editor", "Assembly-CSharp-Editor.csproj", "{6D11F8E0-9CA7-CD3E-7CF9-BD17BFE99916}"
EndProject
Global
	GlobalSection(SolutionConfigurationPlatforms) = preSolution
		Debug|Any CPU = Debug|Any CPU
		Release|Any CPU = Release|Any CPU
	EndGlobalSection
	GlobalSection(ProjectConfigurationPlatforms) = postSolution
		{FABEBCBC-15B8-A26A-1C5A-DD2EA7B764C1}.Debug|Any CPU.ActiveCfg = Debug|Any CPU
		{FABEBCBC-15B8-A26A-1C5A-DD2EA7B764C1}.Debug|Any CPU.Build.0 = Debug|Any CPU
		{FABEBCBC-15B8-A26A-1C5A-DD2EA7B764C1}.Release|Any CPU.ActiveCfg = Release|Any CPU
		{FABEBCBC-15B8-A26A-1C5A-DD2EA7B764C1}.Release|Any CPU.Build.0 = Release|Any CPU
		{6D11F8E0-9CA7-CD3E-7CF9-BD17BFE99916}.Debug|Any CPU.ActiveCfg = Debug|Any CPU
		{6D11F8E0-9CA7-CD3E-7CF9-BD17BFE99916}.Debug|Any CPU.Build.0 = Debug|Any CPU
		{6D11F8E0-9CA7-CD3E-7CF9-BD17BFE99916}.Release|Any CPU.ActiveCfg = Release|Any CPU
		{6D11F8E0-9CA7-CD3E-7CF9-BD17BFE99916}.Release|Any CPU.Build.0 = Release|Any CPU
	EndGlobalSection
	GlobalSection(SolutionProperties) = preSolution
		HideSolutionNode = FALSE
	EndGlobalSection
EndGlobal
